// !$*UTF8*$!
{
	archiveVersion = 1;
	classes = {
	};
	objectVersion = 46;
	objects = {

/* Begin PBXBuildFile section */
		D79A55D31F2ECC0C00B53B8B /* AppDelegate.swift in Sources */ = {isa = PBXBuildFile; fileRef = D79A55D21F2ECC0C00B53B8B /* AppDelegate.swift */; };
		D79A55D51F2ECC0C00B53B8B /* ViewController.swift in Sources */ = {isa = PBXBuildFile; fileRef = D79A55D41F2ECC0C00B53B8B /* ViewController.swift */; };
		D79A55D81F2ECC0D00B53B8B /* Main.storyboard in Resources */ = {isa = PBXBuildFile; fileRef = D79A55D61F2ECC0D00B53B8B /* Main.storyboard */; };
		D79A55DA1F2ECC0D00B53B8B /* Assets.xcassets in Resources */ = {isa = PBXBuildFile; fileRef = D79A55D91F2ECC0D00B53B8B /* Assets.xcassets */; };
		D79A55DD1F2ECC0D00B53B8B /* LaunchScreen.storyboard in Resources */ = {isa = PBXBuildFile; fileRef = D79A55DB1F2ECC0D00B53B8B /* LaunchScreen.storyboard */; };
		D79A55E81F2ECC0D00B53B8B /* rainyshinnyTests.swift in Sources */ = {isa = PBXBuildFile; fileRef = D79A55E71F2ECC0D00B53B8B /* rainyshinnyTests.swift */; };
		D79A55F31F2ECC0D00B53B8B /* rainyshinnyUITests.swift in Sources */ = {isa = PBXBuildFile; fileRef = D79A55F21F2ECC0D00B53B8B /* rainyshinnyUITests.swift */; };
/* End PBXBuildFile section */

/* Begin PBXContainerItemProxy section */
		D79A55E41F2ECC0D00B53B8B /* PBXContainerItemProxy */ = {
			isa = PBXContainerItemProxy;
			containerPortal = D79A55C71F2ECC0C00B53B8B /* Project object */;
			proxyType = 1;
			remoteGlobalIDString = D79A55CE1F2ECC0C00B53B8B;
			remoteInfo = rainyshinny;
		};
		D79A55EF1F2ECC0D00B53B8B /* PBXContainerItemProxy */ = {
			isa = PBXContainerItemProxy;
			containerPortal = D79A55C71F2ECC0C00B53B8B /* Project object */;
			proxyType = 1;
			remoteGlobalIDString = D79A55CE1F2ECC0C00B53B8B;
			remoteInfo = rainyshinny;
		};
/* End PBXContainerItemProxy section */

/* Begin PBXFileReference section */
		D79A55CF1F2ECC0C00B53B8B /* rainyshinny.app */ = {isa = PBXFileReference; explicitFileType = wrapper.application; includeInIndex = 0; path = rainyshinny.app; sourceTree = BUILT_PRODUCTS_DIR; };
		D79A55D21F2ECC0C00B53B8B /* AppDelegate.swift */ = {isa = PBXFileReference; lastKnownFileType = sourcecode.swift; path = AppDelegate.swift; sourceTree = "<group>"; };
		D79A55D41F2ECC0C00B53B8B /* ViewController.swift */ = {isa = PBXFileReference; lastKnownFileType = sourcecode.swift; path = ViewController.swift; sourceTree = "<group>"; };
		D79A55D71F2ECC0D00B53B8B /* Base */ = {isa = PBXFileReference; lastKnownFileType = file.storyboard; name = Base; path = Base.lproj/Main.storyboard; sourceTree = "<group>"; };
		D79A55D91F2ECC0D00B53B8B /* Assets.xcassets */ = {isa = PBXFileReference; lastKnownFileType = folder.assetcatalog; path = Assets.xcassets; sourceTree = "<group>"; };
		D79A55DC1F2ECC0D00B53B8B /* Base */ = {isa = PBXFileReference; lastKnownFileType = file.storyboard; name = Base; path = Base.lproj/LaunchScreen.storyboard; sourceTree = "<group>"; };
		D79A55DE1F2ECC0D00B53B8B /* Info.plist */ = {isa = PBXFileReference; lastKnownFileType = text.plist.xml; path = Info.plist; sourceTree = "<group>"; };
		D79A55E31F2ECC0D00B53B8B /* rainyshinnyTests.xctest */ = {isa = PBXFileReference; explicitFileType = wrapper.cfbundle; includeInIndex = 0; path = rainyshinnyTests.xctest; sourceTree = BUILT_PRODUCTS_DIR; };
		D79A55E71F2ECC0D00B53B8B /* rainyshinnyTests.swift */ = {isa = PBXFileReference; lastKnownFileType = sourcecode.swift; path = rainyshinnyTests.swift; sourceTree = "<group>"; };
		D79A55E91F2ECC0D00B53B8B /* Info.plist */ = {isa = PBXFileReference; lastKnownFileType = text.plist.xml; path = Info.plist; sourceTree = "<group>"; };
		D79A55EE1F2ECC0D00B53B8B /* rainyshinnyUITests.xctest */ = {isa = PBXFileReference; explicitFileType = wrapper.cfbundle; includeInIndex = 0; path = rainyshinnyUITests.xctest; sourceTree = BUILT_PRODUCTS_DIR; };
		D79A55F21F2ECC0D00B53B8B /* rainyshinnyUITests.swift */ = {isa = PBXFileReference; lastKnownFileType = sourcecode.swift; path = rainyshinnyUITests.swift; sourceTree = "<group>"; };
		D79A55F41F2ECC0D00B53B8B /* Info.plist */ = {isa = PBXFileReference; lastKnownFileType = text.plist.xml; path = Info.plist; sourceTree = "<group>"; };
/* End PBXFileReference section */

/* Begin PBXFrameworksBuildPhase section */
		D79A55CC1F2ECC0C00B53B8B /* Frameworks */ = {
			isa = PBXFrameworksBuildPhase;
			buildActionMask = 2147483647;
			files = (
			);
			runOnlyForDeploymentPostprocessing = 0;
		};
		D79A55E01F2ECC0D00B53B8B /* Frameworks */ = {
			isa = PBXFrameworksBuildPhase;
			buildActionMask = 2147483647;
			files = (
			);
			runOnlyForDeploymentPostprocessing = 0;
		};
		D79A55EB1F2ECC0D00B53B8B /* Frameworks */ = {
			isa = PBXFrameworksBuildPhase;
			buildActionMask = 2147483647;
			files = (
			);
			runOnlyForDeploymentPostprocessing = 0;
		};
/* End PBXFrameworksBuildPhase section */

/* Begin PBXGroup section */
		D79A55C61F2ECC0C00B53B8B = {
			isa = PBXGroup;
			children = (
				D79A55D11F2ECC0C00B53B8B /* rainyshinny */,
				D79A55E61F2ECC0D00B53B8B /* rainyshinnyTests */,
				D79A55F11F2ECC0D00B53B8B /* rainyshinnyUITests */,
				D79A55D01F2ECC0C00B53B8B /* Products */,
			);
			sourceTree = "<group>";
		};
		D79A55D01F2ECC0C00B53B8B /* Products */ = {
			isa = PBXGroup;
			children = (
				D79A55CF1F2ECC0C00B53B8B /* rainyshinny.app */,
				D79A55E31F2ECC0D00B53B8B /* rainyshinnyTests.xctest */,
				D79A55EE1F2ECC0D00B53B8B /* rainyshinnyUITests.xctest */,
			);
			name = Products;
			sourceTree = "<group>";
		};
		D79A55D11F2ECC0C00B53B8B /* rainyshinny */ = {
			isa = PBXGroup;
			children = (
				D79A55D21F2ECC0C00B53B8B /* AppDelegate.swift */,
				D79A55D41F2ECC0C00B53B8B /* ViewController.swift */,
				D79A55D61F2ECC0D00B53B8B /* Main.storyboard */,
				D79A55D91F2ECC0D00B53B8B /* Assets.xcassets */,
				D79A55DB1F2ECC0D00B53B8B /* LaunchScreen.storyboard */,
				D79A55DE1F2ECC0D00B53B8B /* Info.plist */,
			);
			path = rainyshinny;
			sourceTree = "<group>";
		};
		D79A55E61F2ECC0D00B53B8B /* rainyshinnyTests */ = {
			isa = PBXGroup;
			children = (
				D79A55E71F2ECC0D00B53B8B /* rainyshinnyTests.swift */,
				D79A55E91F2ECC0D00B53B8B /* Info.plist */,
			);
			path = rainyshinnyTests;
			sourceTree = "<group>";
		};
		D79A55F11F2ECC0D00B53B8B /* rainyshinnyUITests */ = {
			isa = PBXGroup;
			children = (
				D79A55F21F2ECC0D00B53B8B /* rainyshinnyUITests.swift */,
				D79A55F41F2ECC0D00B53B8B /* Info.plist */,
			);
			path = rainyshinnyUITests;
			sourceTree = "<group>";
		};
/* End PBXGroup section */

/* Begin PBXNativeTarget section */
		D79A55CE1F2ECC0C00B53B8B /* rainyshinny */ = {
			isa = PBXNativeTarget;
			buildConfigurationList = D79A55F71F2ECC0D00B53B8B /* Build configuration list for PBXNativeTarget "rainyshinny" */;
			buildPhases = (
				D79A55CB1F2ECC0C00B53B8B /* Sources */,
				D79A55CC1F2ECC0C00B53B8B /* Frameworks */,
				D79A55CD1F2ECC0C00B53B8B /* Resources */,
			);
			buildRules = (
			);
			dependencies = (
			);
			name = rainyshinny;
			productName = rainyshinny;
			productReference = D79A55CF1F2ECC0C00B53B8B /* rainyshinny.app */;
			productType = "com.apple.product-type.application";
		};
		D79A55E21F2ECC0D00B53B8B /* rainyshinnyTests */ = {
			isa = PBXNativeTarget;
			buildConfigurationList = D79A55FA1F2ECC0D00B53B8B /* Build configuration list for PBXNativeTarget "rainyshinnyTests" */;
			buildPhases = (
				D79A55DF1F2ECC0D00B53B8B /* Sources */,
				D79A55E01F2ECC0D00B53B8B /* Frameworks */,
				D79A55E11F2ECC0D00B53B8B /* Resources */,
			);
			buildRules = (
			);
			dependencies = (
				D79A55E51F2ECC0D00B53B8B /* PBXTargetDependency */,
			);
			name = rainyshinnyTests;
			productName = rainyshinnyTests;
			productReference = D79A55E31F2ECC0D00B53B8B /* rainyshinnyTests.xctest */;
			productType = "com.apple.product-type.bundle.unit-test";
		};
		D79A55ED1F2ECC0D00B53B8B /* rainyshinnyUITests */ = {
			isa = PBXNativeTarget;
			buildConfigurationList = D79A55FD1F2ECC0D00B53B8B /* Build configuration list for PBXNativeTarget "rainyshinnyUITests" */;
			buildPhases = (
				D79A55EA1F2ECC0D00B53B8B /* Sources */,
				D79A55EB1F2ECC0D00B53B8B /* Frameworks */,
				D79A55EC1F2ECC0D00B53B8B /* Resources */,
			);
			buildRules = (
			);
			dependencies = (
				D79A55F01F2ECC0D00B53B8B /* PBXTargetDependency */,
			);
			name = rainyshinnyUITests;
			productName = rainyshinnyUITests;
			productReference = D79A55EE1F2ECC0D00B53B8B /* rainyshinnyUITests.xctest */;
			productType = "com.apple.product-type.bundle.ui-testing";
		};
/* End PBXNativeTarget section */

/* Begin PBXProject section */
		D79A55C71F2ECC0C00B53B8B /* Project object */ = {
			isa = PBXProject;
			attributes = {
				LastSwiftUpdateCheck = 0830;
				LastUpgradeCheck = 0830;
				ORGANIZATIONNAME = "Romeo Enso";
				TargetAttributes = {
					D79A55CE1F2ECC0C00B53B8B = {
						CreatedOnToolsVersion = 8.3.3;
						DevelopmentTeam = EK5RGW656N;
						ProvisioningStyle = Automatic;
					};
					D79A55E21F2ECC0D00B53B8B = {
						CreatedOnToolsVersion = 8.3.3;
						DevelopmentTeam = EK5RGW656N;
						ProvisioningStyle = Automatic;
						TestTargetID = D79A55CE1F2ECC0C00B53B8B;
					};
					D79A55ED1F2ECC0D00B53B8B = {
						CreatedOnToolsVersion = 8.3.3;
						DevelopmentTeam = EK5RGW656N;
						ProvisioningStyle = Automatic;
						TestTargetID = D79A55CE1F2ECC0C00B53B8B;
					};
				};
			};
			buildConfigurationList = D79A55CA1F2ECC0C00B53B8B /* Build configuration list for PBXProject "rainyshinny" */;
			compatibilityVersion = "Xcode 3.2";
			developmentRegion = English;
			hasScannedForEncodings = 0;
			knownRegions = (
				en,
				Base,
			);
			mainGroup = D79A55C61F2ECC0C00B53B8B;
			productRefGroup = D79A55D01F2ECC0C00B53B8B /* Products */;
			projectDirPath = "";
			projectRoot = "";
			targets = (
				D79A55CE1F2ECC0C00B53B8B /* rainyshinny */,
				D79A55E21F2ECC0D00B53B8B /* rainyshinnyTests */,
				D79A55ED1F2ECC0D00B53B8B /* rainyshinnyUITests */,
			);
		};
/* End PBXProject section */

/* Begin PBXResourcesBuildPhase section */
		D79A55CD1F2ECC0C00B53B8B /* Resources */ = {
			isa = PBXResourcesBuildPhase;
			buildActionMask = 2147483647;
			files = (
				D79A55DD1F2ECC0D00B53B8B /* LaunchScreen.storyboard in Resources */,
				D79A55DA1F2ECC0D00B53B8B /* Assets.xcassets in Resources */,
				D79A55D81F2ECC0D00B53B8B /* Main.storyboard in Resources */,
			);
			runOnlyForDeploymentPostprocessing = 0;
		};
		D79A55E11F2ECC0D00B53B8B /* Resources */ = {
			isa = PBXResourcesBuildPhase;
			buildActionMask = 2147483647;
			files = (
			);
			runOnlyForDeploymentPostprocessing = 0;
		};
		D79A55EC1F2ECC0D00B53B8B /* Resources */ = {
			isa = PBXResourcesBuildPhase;
			buildActionMask = 2147483647;
			files = (
			);
			runOnlyForDeploymentPostprocessing = 0;
		};
/* End PBXResourcesBuildPhase section */

/* Begin PBXSourcesBuildPhase section */
		D79A55CB1F2ECC0C00B53B8B /* Sources */ = {
			isa = PBXSourcesBuildPhase;
			buildActionMask = 2147483647;
			files = (
				D79A55D51F2ECC0C00B53B8B /* ViewController.swift in Sources */,
				D79A55D31F2ECC0C00B53B8B /* AppDelegate.swift in Sources */,
			);
			runOnlyForDeploymentPostprocessing = 0;
		};
		D79A55DF1F2ECC0D00B53B8B /* Sources */ = {
			isa = PBXSourcesBuildPhase;
			buildActionMask = 2147483647;
			files = (
				D79A55E81F2ECC0D00B53B8B /* rainyshinnyTests.swift in Sources */,
			);
			runOnlyForDeploymentPostprocessing = 0;
		};
		D79A55EA1F2ECC0D00B53B8B /* Sources */ = {
			isa = PBXSourcesBuildPhase;
			buildActionMask = 2147483647;
			files = (
				D79A55F31F2ECC0D00B53B8B /* rainyshinnyUITests.swift in Sources */,
			);
			runOnlyForDeploymentPostprocessing = 0;
		};
/* End PBXSourcesBuildPhase section */

/* Begin PBXTargetDependency section */
		D79A55E51F2ECC0D00B53B8B /* PBXTargetDependency */ = {
			isa = PBXTargetDependency;
			target = D79A55CE1F2ECC0C00B53B8B /* rainyshinny */;
			targetProxy = D79A55E41F2ECC0D00B53B8B /* PBXContainerItemProxy */;
		};
		D79A55F01F2ECC0D00B53B8B /* PBXTargetDependency */ = {
			isa = PBXTargetDependency;
			target = D79A55CE1F2ECC0C00B53B8B /* rainyshinny */;
			targetProxy = D79A55EF1F2ECC0D00B53B8B /* PBXContainerItemProxy */;
		};
/* End PBXTargetDependency section */

/* Begin PBXVariantGroup section */
		D79A55D61F2ECC0D00B53B8B /* Main.storyboard */ = {
			isa = PBXVariantGroup;
			children = (
				D79A55D71F2ECC0D00B53B8B /* Base */,
			);
			name = Main.storyboard;
			sourceTree = "<group>";
		};
		D79A55DB1F2ECC0D00B53B8B /* LaunchScreen.storyboard */ = {
			isa = PBXVariantGroup;
			children = (
				D79A55DC1F2ECC0D00B53B8B /* Base */,
			);
			name = LaunchScreen.storyboard;
			sourceTree = "<group>";
		};
/* End PBXVariantGroup section */

/* Begin XCBuildConfiguration section */
		D79A55F51F2ECC0D00B53B8B /* Debug */ = {
			isa = XCBuildConfiguration;
			buildSettings = {
				ALWAYS_SEARCH_USER_PATHS = NO;
				CLANG_ANALYZER_NONNULL = YES;
				CLANG_ANALYZER_NUMBER_OBJECT_CONVERSION = YES_AGGRESSIVE;
				CLANG_CXX_LANGUAGE_STANDARD = "gnu++0x";
				CLANG_CXX_LIBRARY = "libc++";
				CLANG_ENABLE_MODULES = YES;
				CLANG_ENABLE_OBJC_ARC = YES;
				CLANG_WARN_BOOL_CONVERSION = YES;
				CLANG_WARN_CONSTANT_CONVERSION = YES;
				CLANG_WARN_DIRECT_OBJC_ISA_USAGE = YES_ERROR;
				CLANG_WARN_DOCUMENTATION_COMMENTS = YES;
				CLANG_WARN_EMPTY_BODY = YES;
				CLANG_WARN_ENUM_CONVERSION = YES;
				CLANG_WARN_INFINITE_RECURSION = YES;
				CLANG_WARN_INT_CONVERSION = YES;
				CLANG_WARN_OBJC_ROOT_CLASS = YES_ERROR;
				CLANG_WARN_SUSPICIOUS_MOVE = YES;
				CLANG_WARN_UNREACHABLE_CODE = YES;
				CLANG_WARN__DUPLICATE_METHOD_MATCH = YES;
				"CODE_SIGN_IDENTITY[sdk=iphoneos*]" = "iPhone Developer";
				COPY_PHASE_STRIP = NO;
				DEBUG_INFORMATION_FORMAT = dwarf;
				ENABLE_STRICT_OBJC_MSGSEND = YES;
				ENABLE_TESTABILITY = YES;
				GCC_C_LANGUAGE_STANDARD = gnu99;
				GCC_DYNAMIC_NO_PIC = NO;
				GCC_NO_COMMON_BLOCKS = YES;
				GCC_OPTIMIZATION_LEVEL = 0;
				GCC_PREPROCESSOR_DEFINITIONS = (
					"DEBUG=1",
					"$(inherited)",
				);
				GCC_WARN_64_TO_32_BIT_CONVERSION = YES;
				GCC_WARN_ABOUT_RETURN_TYPE = YES_ERROR;
				GCC_WARN_UNDECLARED_SELECTOR = YES;
				GCC_WARN_UNINITIALIZED_AUTOS = YES_AGGRESSIVE;
				GCC_WARN_UNUSED_FUNCTION = YES;
				GCC_WARN_UNUSED_VARIABLE = YES;
				IPHONEOS_DEPLOYMENT_TARGET = 10.3;
				MTL_ENABLE_DEBUG_INFO = YES;
				ONLY_ACTIVE_ARCH = YES;
				SDKROOT = iphoneos;
				SWIFT_ACTIVE_COMPILATION_CONDITIONS = DEBUG;
				SWIFT_OPTIMIZATION_LEVEL = "-Onone";
				TARGETED_DEVICE_FAMILY = "1,2";
			};
			name = Debug;
		};
		D79A55F61F2ECC0D00B53B8B /* Release */ = {
			isa = XCBuildConfiguration;
			buildSettings = {
				ALWAYS_SEARCH_USER_PATHS = NO;
				CLANG_ANALYZER_NONNULL = YES;
				CLANG_ANALYZER_NUMBER_OBJECT_CONVERSION = YES_AGGRESSIVE;
				CLANG_CXX_LANGUAGE_STANDARD = "gnu++0x";
				CLANG_CXX_LIBRARY = "libc++";
				CLANG_ENABLE_MODULES = YES;
				CLANG_ENABLE_OBJC_ARC = YES;
				CLANG_WARN_BOOL_CONVERSION = YES;
				CLANG_WARN_CONSTANT_CONVERSION = YES;
				CLANG_WARN_DIRECT_OBJC_ISA_USAGE = YES_ERROR;
				CLANG_WARN_DOCUMENTATION_COMMENTS = YES;
				CLANG_WARN_EMPTY_BODY = YES;
				CLANG_WARN_ENUM_CONVERSION = YES;
				CLANG_WARN_INFINITE_RECURSION = YES;
				CLANG_WARN_INT_CONVERSION = YES;
				CLANG_WARN_OBJC_ROOT_CLASS = YES_ERROR;
				CLANG_WARN_SUSPICIOUS_MOVE = YES;
				CLANG_WARN_UNREACHABLE_CODE = YES;
				CLANG_WARN__DUPLICATE_METHOD_MATCH = YES;
				"CODE_SIGN_IDENTITY[sdk=iphoneos*]" = "iPhone Developer";
				COPY_PHASE_STRIP = NO;
				DEBUG_INFORMATION_FORMAT = "dwarf-with-dsym";
				ENABLE_NS_ASSERTIONS = NO;
				ENABLE_STRICT_OBJC_MSGSEND = YES;
				GCC_C_LANGUAGE_STANDARD = gnu99;
				GCC_NO_COMMON_BLOCKS = YES;
				GCC_WARN_64_TO_32_BIT_CONVERSION = YES;
				GCC_WARN_ABOUT_RETURN_TYPE = YES_ERROR;
				GCC_WARN_UNDECLARED_SELECTOR = YES;
				GCC_WARN_UNINITIALIZED_AUTOS = YES_AGGRESSIVE;
				GCC_WARN_UNUSED_FUNCTION = YES;
				GCC_WARN_UNUSED_VARIABLE = YES;
				IPHONEOS_DEPLOYMENT_TARGET = 10.3;
				MTL_ENABLE_DEBUG_INFO = NO;
				SDKROOT = iphoneos;
				SWIFT_OPTIMIZATION_LEVEL = "-Owholemodule";
				TARGETED_DEVICE_FAMILY = "1,2";
				VALIDATE_PRODUCT = YES;
			};
			name = Release;
		};
		D79A55F81F2ECC0D00B53B8B /* Debug */ = {
			isa = XCBuildConfiguration;
			buildSettings = {
				ASSETCATALOG_COMPILER_APPICON_NAME = AppIcon;
				DEVELOPMENT_TEAM = EK5RGW656N;
				INFOPLIST_FILE = rainyshinny/Info.plist;
				LD_RUNPATH_SEARCH_PATHS = "$(inherited) @executable_path/Frameworks";
				PRODUCT_BUNDLE_IDENTIFIER = com.rainyshinny;
				PRODUCT_NAME = "$(TARGET_NAME)";
				SWIFT_VERSION = 3.0;
			};
			name = Debug;
		};
		D79A55F91F2ECC0D00B53B8B /* Release */ = {
			isa = XCBuildConfiguration;
			buildSettings = {
				ASSETCATALOG_COMPILER_APPICON_NAME = AppIcon;
				DEVELOPMENT_TEAM = EK5RGW656N;
				INFOPLIST_FILE = rainyshinny/Info.plist;
				LD_RUNPATH_SEARCH_PATHS = "$(inherited) @executable_path/Frameworks";
				PRODUCT_BUNDLE_IDENTIFIER = com.rainyshinny;
				PRODUCT_NAME = "$(TARGET_NAME)";
				SWIFT_VERSION = 3.0;
			};
			name = Release;
		};
		D79A55FB1F2ECC0D00B53B8B /* Debug */ = {
			isa = XCBuildConfiguration;
			buildSettings = {
				ALWAYS_EMBED_SWIFT_STANDARD_LIBRARIES = YES;
				BUNDLE_LOADER = "$(TEST_HOST)";
				DEVELOPMENT_TEAM = EK5RGW656N;
				INFOPLIST_FILE = rainyshinnyTests/Info.plist;
				LD_RUNPATH_SEARCH_PATHS = "$(inherited) @executable_path/Frameworks @loader_path/Frameworks";
				PRODUCT_BUNDLE_IDENTIFIER = com.rainyshinnyTests;
				PRODUCT_NAME = "$(TARGET_NAME)";
				SWIFT_VERSION = 3.0;
				TEST_HOST = "$(BUILT_PRODUCTS_DIR)/rainyshinny.app/rainyshinny";
			};
			name = Debug;
		};
		D79A55FC1F2ECC0D00B53B8B /* Release */ = {
			isa = XCBuildConfiguration;
			buildSettings = {
				ALWAYS_EMBED_SWIFT_STANDARD_LIBRARIES = YES;
				BUNDLE_LOADER = "$(TEST_HOST)";
				DEVELOPMENT_TEAM = EK5RGW656N;
				INFOPLIST_FILE = rainyshinnyTests/Info.plist;
				LD_RUNPATH_SEARCH_PATHS = "$(inherited) @executable_path/Frameworks @loader_path/Frameworks";
				PRODUCT_BUNDLE_IDENTIFIER = com.rainyshinnyTests;
				PRODUCT_NAME = "$(TARGET_NAME)";
				SWIFT_VERSION = 3.0;
				TEST_HOST = "$(BUILT_PRODUCTS_DIR)/rainyshinny.app/rainyshinny";
			};
			name = Release;
		};
		D79A55FE1F2ECC0D00B53B8B /* Debug */ = {
			isa = XCBuildConfiguration;
			buildSettings = {
				ALWAYS_EMBED_SWIFT_STANDARD_LIBRARIES = YES;
				DEVELOPMENT_TEAM = EK5RGW656N;
				INFOPLIST_FILE = rainyshinnyUITests/Info.plist;
				LD_RUNPATH_SEARCH_PATHS = "$(inherited) @executable_path/Frameworks @loader_path/Frameworks";
				PRODUCT_BUNDLE_IDENTIFIER = com.rainyshinnyUITests;
				PRODUCT_NAME = "$(TARGET_NAME)";
				SWIFT_VERSION = 3.0;
				TEST_TARGET_NAME = rainyshinny;
			};
			name = Debug;
		};
		D79A55FF1F2ECC0D00B53B8B /* Release */ = {
			isa = XCBuildConfiguration;
			buildSettings = {
				ALWAYS_EMBED_SWIFT_STANDARD_LIBRARIES = YES;
				DEVELOPMENT_TEAM = EK5RGW656N;
				INFOPLIST_FILE = rainyshinnyUITests/Info.plist;
				LD_RUNPATH_SEARCH_PATHS = "$(inherited) @executable_path/Frameworks @loader_path/Frameworks";
				PRODUCT_BUNDLE_IDENTIFIER = com.rainyshinnyUITests;
				PRODUCT_NAME = "$(TARGET_NAME)";
				SWIFT_VERSION = 3.0;
				TEST_TARGET_NAME = rainyshinny;
			};
			name = Release;
		};
/* End XCBuildConfiguration section */

/* Begin XCConfigurationList section */
		D79A55CA1F2ECC0C00B53B8B /* Build configuration list for PBXProject "rainyshinny" */ = {
			isa = XCConfigurationList;
			buildConfigurations = (
				D79A55F51F2ECC0D00B53B8B /* Debug */,
				D79A55F61F2ECC0D00B53B8B /* Release */,
			);
			defaultConfigurationIsVisible = 0;
			defaultConfigurationName = Release;
		};
		D79A55F71F2ECC0D00B53B8B /* Build configuration list for PBXNativeTarget "rainyshinny" */ = {
			isa = XCConfigurationList;
			buildConfigurations = (
				D79A55F81F2ECC0D00B53B8B /* Debug */,
				D79A55F91F2ECC0D00B53B8B /* Release */,
			);
			defaultConfigurationIsVisible = 0;
		};
		D79A55FA1F2ECC0D00B53B8B /* Build configuration list for PBXNativeTarget "rainyshinnyTests" */ = {
			isa = XCConfigurationList;
			buildConfigurations = (
				D79A55FB1F2ECC0D00B53B8B /* Debug */,
				D79A55FC1F2ECC0D00B53B8B /* Release */,
			);
			defaultConfigurationIsVisible = 0;
		};
		D79A55FD1F2ECC0D00B53B8B /* Build configuration list for PBXNativeTarget "rainyshinnyUITests" */ = {
			isa = XCConfigurationList;
			buildConfigurations = (
				D79A55FE1F2ECC0D00B53B8B /* Debug */,
				D79A55FF1F2ECC0D00B53B8B /* Release */,
			);
			defaultConfigurationIsVisible = 0;
		};
/* End XCConfigurationList section */
	};
	rootObject = D79A55C71F2ECC0C00B53B8B /* Project object */;
}
